
Microsoft Visual Studio Solution File, Format Version 12.00
# Visual Studio Version 16
VisualStudioVersion = 16.0.29123.88
MinimumVisualStudioVersion = 10.0.40219.1
Project("{FAE04EC0-301F-11D3-BF4B-00C04F79EFBC}") = "S031.MetaStack.WinForms", "src\S031.MetaStack.Win\S031.MetaStack.WinForms\S031.MetaStack.WinForms.csproj", "{487C0CDC-53A2-4DDA-8BF0-A2DBB04BD587}"
EndProject
Project("{FAE04EC0-301F-11D3-BF4B-00C04F79EFBC}") = "ICSharpCode.TextEditor", "src\S031.MetaStack.Win\ICSharpCode.TextEditor\ICSharpCode.TextEditor.csproj", "{2D18BE89-D210-49EB-A9DD-2246FBB3DF6D}"
EndProject
Project("{FAE04EC0-301F-11D3-BF4B-00C04F79EFBC}") = "MetaStack.Win.TestConsole", "Test\MetaStack.Win.TestConsole\MetaStack.Win.TestConsole\MetaStack.Win.TestConsole.csproj", "{63143B3E-5851-49CB-B2D8-53AFC65573B5}"
EndProject
Project("{FAE04EC0-301F-11D3-BF4B-00C04F79EFBC}") = "MetApp", "src\S031.MetaStack.Win\MetApp\MetApp.csproj", "{4F43FBEA-13C4-4CEF-B0B8-8C96D9ED89CC}"
EndProject
Project("{FAE04EC0-301F-11D3-BF4B-00C04F79EFBC}") = "MetApp.Report", "src\S031.MetaStack.Win\MetApp.Report\MetApp.Report.csproj", "{07F2A235-6019-45BD-BECC-353CD43D623B}"
	ProjectSection(ProjectDependencies) = postProject
		{F523DE1A-426D-4BD4-8E5B-8C423DD789B4} = {F523DE1A-426D-4BD4-8E5B-8C423DD789B4}
		{DC654F1C-2478-4BEC-9E58-CE70A4E2019B} = {DC654F1C-2478-4BEC-9E58-CE70A4E2019B}
		{7D82BA49-5333-424C-9A41-21358FB5F650} = {7D82BA49-5333-424C-9A41-21358FB5F650}
		{C39BC04D-5C5C-43EA-AB6F-434D815C0E77} = {C39BC04D-5C5C-43EA-AB6F-434D815C0E77}
		{74F8497B-3008-4500-ADB2-26262E99219A} = {74F8497B-3008-4500-ADB2-26262E99219A}
		{47B88791-1B7A-4F7E-A6B1-0BE454D81890} = {47B88791-1B7A-4F7E-A6B1-0BE454D81890}
	EndProjectSection
EndProject
Project("{2150E333-8FDC-42A3-9474-1A3956D46DE8}") = "Test", "Test", "{235E79AA-C7E0-48CB-9730-32FBDB97F74C}"
EndProject
Project("{2150E333-8FDC-42A3-9474-1A3956D46DE8}") = "WinForms", "WinForms", "{AB1F9420-9AF4-402E-871D-6B391F3CA845}"
EndProject
Project("{2150E333-8FDC-42A3-9474-1A3956D46DE8}") = "Core", "Core", "{87D627B5-C8DE-4BC4-BF7F-1A2BFA2F2086}"
EndProject
Project("{9A19103F-16F7-4668-BE54-9A1E7A4F7556}") = "S031.MetaStack.Json", "src\S031.MetaStack.Json\S031.MetaStack.Json.csproj", "{DC654F1C-2478-4BEC-9E58-CE70A4E2019B}"
EndProject
Project("{9A19103F-16F7-4668-BE54-9A1E7A4F7556}") = "S031.MetaStack.Buffers", "src\S031.MetaStack.Buffers\S031.MetaStack.Buffers.csproj", "{74F8497B-3008-4500-ADB2-26262E99219A}"
EndProject
Project("{9A19103F-16F7-4668-BE54-9A1E7A4F7556}") = "S031.MetaStack.Common", "src\S031.MetaStack.Common\S031.MetaStack.Common.csproj", "{7D82BA49-5333-424C-9A41-21358FB5F650}"
EndProject
Project("{9A19103F-16F7-4668-BE54-9A1E7A4F7556}") = "S031.MetaStack.Data", "src\S031.MetaStack.Data\S031.MetaStack.Data.csproj", "{F523DE1A-426D-4BD4-8E5B-8C423DD789B4}"
EndProject
Project("{9A19103F-16F7-4668-BE54-9A1E7A4F7556}") = "S031.MetaStack.Integral", "src\S031.MetaStack.Integral\S031.MetaStack.Integral.csproj", "{47B88791-1B7A-4F7E-A6B1-0BE454D81890}"
EndProject
Project("{9A19103F-16F7-4668-BE54-9A1E7A4F7556}") = "S031.MetaStack.ORM", "src\S031.Metastack.ORM\S031.MetaStack.ORM.csproj", "{C39BC04D-5C5C-43EA-AB6F-434D815C0E77}"
EndProject
Project("{2150E333-8FDC-42A3-9474-1A3956D46DE8}") = "Interop", "Interop", "{6F272AF2-E26C-486A-BF51-BA77370DE480}"
EndProject
Project("{9A19103F-16F7-4668-BE54-9A1E7A4F7556}") = "S031.MetaStack.Interop", "src\S031.MetaStack.Interop\S031.MetaStack.Interop.csproj", "{980ED103-101F-4032-B80D-45534548689B}"
EndProject
Global
	GlobalSection(SolutionConfigurationPlatforms) = preSolution
		Debug|Any CPU = Debug|Any CPU
		Release|Any CPU = Release|Any CPU
	EndGlobalSection
	GlobalSection(ProjectConfigurationPlatforms) = postSolution
		{487C0CDC-53A2-4DDA-8BF0-A2DBB04BD587}.Debug|Any CPU.ActiveCfg = Debug|Any CPU
		{487C0CDC-53A2-4DDA-8BF0-A2DBB04BD587}.Debug|Any CPU.Build.0 = Debug|Any CPU
		{487C0CDC-53A2-4DDA-8BF0-A2DBB04BD587}.Release|Any CPU.ActiveCfg = Release|Any CPU
		{487C0CDC-53A2-4DDA-8BF0-A2DBB04BD587}.Release|Any CPU.Build.0 = Release|Any CPU
		{2D18BE89-D210-49EB-A9DD-2246FBB3DF6D}.Debug|Any CPU.ActiveCfg = Debug|Any CPU
		{2D18BE89-D210-49EB-A9DD-2246FBB3DF6D}.Debug|Any CPU.Build.0 = Debug|Any CPU
		{2D18BE89-D210-49EB-A9DD-2246FBB3DF6D}.Release|Any CPU.ActiveCfg = Release|Any CPU
		{2D18BE89-D210-49EB-A9DD-2246FBB3DF6D}.Release|Any CPU.Build.0 = Release|Any CPU
		{63143B3E-5851-49CB-B2D8-53AFC65573B5}.Debug|Any CPU.ActiveCfg = Debug|Any CPU
		{63143B3E-5851-49CB-B2D8-53AFC65573B5}.Debug|Any CPU.Build.0 = Debug|Any CPU
		{63143B3E-5851-49CB-B2D8-53AFC65573B5}.Release|Any CPU.ActiveCfg = Release|Any CPU
		{63143B3E-5851-49CB-B2D8-53AFC65573B5}.Release|Any CPU.Build.0 = Release|Any CPU
		{4F43FBEA-13C4-4CEF-B0B8-8C96D9ED89CC}.Debug|Any CPU.ActiveCfg = Debug|Any CPU
		{4F43FBEA-13C4-4CEF-B0B8-8C96D9ED89CC}.Debug|Any CPU.Build.0 = Debug|Any CPU
		{4F43FBEA-13C4-4CEF-B0B8-8C96D9ED89CC}.Release|Any CPU.ActiveCfg = Release|Any CPU
		{4F43FBEA-13C4-4CEF-B0B8-8C96D9ED89CC}.Release|Any CPU.Build.0 = Release|Any CPU
		{07F2A235-6019-45BD-BECC-353CD43D623B}.Debug|Any CPU.ActiveCfg = Debug|Any CPU
		{07F2A235-6019-45BD-BECC-353CD43D623B}.Debug|Any CPU.Build.0 = Debug|Any CPU
		{07F2A235-6019-45BD-BECC-353CD43D623B}.Release|Any CPU.ActiveCfg = Release|Any CPU
		{07F2A235-6019-45BD-BECC-353CD43D623B}.Release|Any CPU.Build.0 = Release|Any CPU
		{DC654F1C-2478-4BEC-9E58-CE70A4E2019B}.Debug|Any CPU.ActiveCfg = Debug|Any CPU
		{DC654F1C-2478-4BEC-9E58-CE70A4E2019B}.Debug|Any CPU.Build.0 = Debug|Any CPU
		{DC654F1C-2478-4BEC-9E58-CE70A4E2019B}.Release|Any CPU.ActiveCfg = Release|Any CPU
		{DC654F1C-2478-4BEC-9E58-CE70A4E2019B}.Release|Any CPU.Build.0 = Release|Any CPU
		{74F8497B-3008-4500-ADB2-26262E99219A}.Debug|Any CPU.ActiveCfg = Debug|Any CPU
		{74F8497B-3008-4500-ADB2-26262E99219A}.Debug|Any CPU.Build.0 = Debug|Any CPU
		{74F8497B-3008-4500-ADB2-26262E99219A}.Release|Any CPU.ActiveCfg = Release|Any CPU
		{74F8497B-3008-4500-ADB2-26262E99219A}.Release|Any CPU.Build.0 = Release|Any CPU
		{7D82BA49-5333-424C-9A41-21358FB5F650}.Debug|Any CPU.ActiveCfg = Debug|Any CPU
		{7D82BA49-5333-424C-9A41-21358FB5F650}.Debug|Any CPU.Build.0 = Debug|Any CPU
		{7D82BA49-5333-424C-9A41-21358FB5F650}.Release|Any CPU.ActiveCfg = Release|Any CPU
		{7D82BA49-5333-424C-9A41-21358FB5F650}.Release|Any CPU.Build.0 = Release|Any CPU
		{F523DE1A-426D-4BD4-8E5B-8C423DD789B4}.Debug|Any CPU.ActiveCfg = Debug|Any CPU
		{F523DE1A-426D-4BD4-8E5B-8C423DD789B4}.Debug|Any CPU.Build.0 = Debug|Any CPU
		{F523DE1A-426D-4BD4-8E5B-8C423DD789B4}.Release|Any CPU.ActiveCfg = Release|Any CPU
		{F523DE1A-426D-4BD4-8E5B-8C423DD789B4}.Release|Any CPU.Build.0 = Release|Any CPU
		{47B88791-1B7A-4F7E-A6B1-0BE454D81890}.Debug|Any CPU.ActiveCfg = Debug|Any CPU
		{47B88791-1B7A-4F7E-A6B1-0BE454D81890}.Debug|Any CPU.Build.0 = Debug|Any CPU
		{47B88791-1B7A-4F7E-A6B1-0BE454D81890}.Release|Any CPU.ActiveCfg = Release|Any CPU
		{47B88791-1B7A-4F7E-A6B1-0BE454D81890}.Release|Any CPU.Build.0 = Release|Any CPU
		{C39BC04D-5C5C-43EA-AB6F-434D815C0E77}.Debug|Any CPU.ActiveCfg = Debug|Any CPU
		{C39BC04D-5C5C-43EA-AB6F-434D815C0E77}.Debug|Any CPU.Build.0 = Debug|Any CPU
		{C39BC04D-5C5C-43EA-AB6F-434D815C0E77}.Release|Any CPU.ActiveCfg = Release|Any CPU
		{C39BC04D-5C5C-43EA-AB6F-434D815C0E77}.Release|Any CPU.Build.0 = Release|Any CPU
		{980ED103-101F-4032-B80D-45534548689B}.Debug|Any CPU.ActiveCfg = Debug|Any CPU
		{980ED103-101F-4032-B80D-45534548689B}.Debug|Any CPU.Build.0 = Debug|Any CPU
		{980ED103-101F-4032-B80D-45534548689B}.Release|Any CPU.ActiveCfg = Release|Any CPU
		{980ED103-101F-4032-B80D-45534548689B}.Release|Any CPU.Build.0 = Release|Any CPU
	EndGlobalSection
	GlobalSection(SolutionProperties) = preSolution
		HideSolutionNode = FALSE
	EndGlobalSection
	GlobalSection(NestedProjects) = preSolution
		{487C0CDC-53A2-4DDA-8BF0-A2DBB04BD587} = {AB1F9420-9AF4-402E-871D-6B391F3CA845}
		{2D18BE89-D210-49EB-A9DD-2246FBB3DF6D} = {AB1F9420-9AF4-402E-871D-6B391F3CA845}
		{63143B3E-5851-49CB-B2D8-53AFC65573B5} = {235E79AA-C7E0-48CB-9730-32FBDB97F74C}
		{07F2A235-6019-45BD-BECC-353CD43D623B} = {AB1F9420-9AF4-402E-871D-6B391F3CA845}
		{DC654F1C-2478-4BEC-9E58-CE70A4E2019B} = {87D627B5-C8DE-4BC4-BF7F-1A2BFA2F2086}
		{74F8497B-3008-4500-ADB2-26262E99219A} = {87D627B5-C8DE-4BC4-BF7F-1A2BFA2F2086}
		{7D82BA49-5333-424C-9A41-21358FB5F650} = {87D627B5-C8DE-4BC4-BF7F-1A2BFA2F2086}
		{F523DE1A-426D-4BD4-8E5B-8C423DD789B4} = {87D627B5-C8DE-4BC4-BF7F-1A2BFA2F2086}
		{47B88791-1B7A-4F7E-A6B1-0BE454D81890} = {87D627B5-C8DE-4BC4-BF7F-1A2BFA2F2086}
		{C39BC04D-5C5C-43EA-AB6F-434D815C0E77} = {87D627B5-C8DE-4BC4-BF7F-1A2BFA2F2086}
		{980ED103-101F-4032-B80D-45534548689B} = {6F272AF2-E26C-486A-BF51-BA77370DE480}
	EndGlobalSection
	GlobalSection(ExtensibilityGlobals) = postSolution
		SolutionGuid = {DB5B3B1D-7ECA-4AA5-9DE0-9751DE72A8BC}
	EndGlobalSection
EndGlobal
