
Microsoft Visual Studio Solution File, Format Version 12.00
# Visual Studio Version 16
VisualStudioVersion = 16.0.29123.88
MinimumVisualStudioVersion = 10.0.40219.1
Project("{2150E333-8FDC-42A3-9474-1A3956D46DE8}") = "src", "src", "{1C7C4780-10A0-439A-AB42-32D923C07BDA}"
EndProject
Project("{2150E333-8FDC-42A3-9474-1A3956D46DE8}") = "Solution Items", "Solution Items", "{A26FB7BF-3D28-4FA6-B236-B1338C045D13}"
EndProject
Project("{2150E333-8FDC-42A3-9474-1A3956D46DE8}") = "Test", "Test", "{2A64A983-514B-4211-BB8C-633FA61BD201}"
EndProject
Project("{9A19103F-16F7-4668-BE54-9A1E7A4F7556}") = "S031.MetaStack.AppServer", "src\S031.MetaStack.AppServer\S031.MetaStack.AppServer.csproj", "{B299485A-726F-44D1-BB71-145E51CAF8A3}"
	ProjectSection(ProjectDependencies) = postProject
		{D6D74663-59CC-464B-9611-349FB624E179} = {D6D74663-59CC-464B-9611-349FB624E179}
		{DD3BA885-0423-467E-9631-F2B4155CB3A0} = {DD3BA885-0423-467E-9631-F2B4155CB3A0}
		{45CCEE9D-289A-4817-9145-DF6BAEE8D362} = {45CCEE9D-289A-4817-9145-DF6BAEE8D362}
	EndProjectSection
EndProject
Project("{9A19103F-16F7-4668-BE54-9A1E7A4F7556}") = "S031.MetaStack.Common", "src\S031.MetaStack.Common\S031.MetaStack.Common.csproj", "{2C055DBA-EB00-4B7C-BDAB-457A3F3CF56D}"
EndProject
Project("{9A19103F-16F7-4668-BE54-9A1E7A4F7556}") = "S031.MetaStack.Core", "src\S031.MetaStack.Core\S031.MetaStack.Core.csproj", "{4526002A-45CC-452C-BE21-0BB42F2222FC}"
EndProject
Project("{9A19103F-16F7-4668-BE54-9A1E7A4F7556}") = "MetaStack.Test", "Test\MetaStack.Test\MetaStack.Test.csproj", "{4A9B8900-E37B-4077-B4AB-7EBDE9D56A99}"
EndProject
Project("{9A19103F-16F7-4668-BE54-9A1E7A4F7556}") = "S031.MetaStack.Services", "src\S031.MetaStack.Services\S031.MetaStack.Services.csproj", "{D6D74663-59CC-464B-9611-349FB624E179}"
EndProject
Project("{9A19103F-16F7-4668-BE54-9A1E7A4F7556}") = "S031.MetaStack.Core.ORM.MsSql", "src\S031.MetaStack.Core.ORM.MsSql\S031.MetaStack.Core.ORM.MsSql.csproj", "{DD3BA885-0423-467E-9631-F2B4155CB3A0}"
EndProject
Project("{9A19103F-16F7-4668-BE54-9A1E7A4F7556}") = "S031.MetaStack.Core.ORM.SQLite", "src\S031.MetaStack.Core.ORM.SQLite\S031.MetaStack.Core.ORM.SQLite.csproj", "{45CCEE9D-289A-4817-9145-DF6BAEE8D362}"
EndProject
Project("{9A19103F-16F7-4668-BE54-9A1E7A4F7556}") = "Metib.Business.Msfo", "src\Metib.Business.Msfo\Metib.Business.Msfo.csproj", "{6C70E25F-11A2-47E7-9124-ECEE325DA804}"
EndProject
Project("{2150E333-8FDC-42A3-9474-1A3956D46DE8}") = "Extensions", "Extensions", "{2C526453-5795-4CA2-BBF4-42D366A6CE8B}"
EndProject
Project("{9A19103F-16F7-4668-BE54-9A1E7A4F7556}") = "S031.MetaStack.Data", "src\S031.MetaStack.Data\S031.MetaStack.Data.csproj", "{1FFA065E-4525-49F9-BC3A-A29D9EB7D411}"
EndProject
Project("{9A19103F-16F7-4668-BE54-9A1E7A4F7556}") = "S031.MetaStack.Buffers", "src\S031.MetaStack.Buffers\S031.MetaStack.Buffers.csproj", "{3E0761D0-9C73-4130-BD97-6A4F8CD0D1BA}"
EndProject
Project("{9A19103F-16F7-4668-BE54-9A1E7A4F7556}") = "S031.MetaStack.Json", "src\S031.MetaStack.Json\S031.MetaStack.Json.csproj", "{5C4AD09F-41EF-4FC6-A81D-FB1BB6A5C4FB}"
EndProject
Project("{9A19103F-16F7-4668-BE54-9A1E7A4F7556}") = "S031.MetaStack.Integral", "src\S031.MetaStack.Integral\S031.MetaStack.Integral.csproj", "{B9A5811F-AF74-4278-98C5-6CA5988DBDA9}"
EndProject
Project("{9A19103F-16F7-4668-BE54-9A1E7A4F7556}") = "S031.MetaStack.ORM", "src\S031.Metastack.ORM\S031.MetaStack.ORM.csproj", "{E86E9E02-CE96-47C4-AA53-2D7FD7A1B12B}"
EndProject
Project("{9A19103F-16F7-4668-BE54-9A1E7A4F7556}") = "S031.MetaStack.Interop", "src\S031.MetaStack.Interop\S031.MetaStack.Interop.csproj", "{0DB1242A-9852-4F81-A4CF-7A8F08981D0C}"
EndProject
Project("{FAE04EC0-301F-11D3-BF4B-00C04F79EFBC}") = "TaskPlus.Server", "src\TaskPlus.Server\TaskPlus.Server.csproj", "{222E29EE-68EF-4C2C-BC68-954809AEC7F8}"
EndProject
Global
	GlobalSection(SolutionConfigurationPlatforms) = preSolution
		Debug|Any CPU = Debug|Any CPU
		Release|Any CPU = Release|Any CPU
	EndGlobalSection
	GlobalSection(ProjectConfigurationPlatforms) = postSolution
		{B299485A-726F-44D1-BB71-145E51CAF8A3}.Debug|Any CPU.ActiveCfg = Debug|Any CPU
		{B299485A-726F-44D1-BB71-145E51CAF8A3}.Debug|Any CPU.Build.0 = Debug|Any CPU
		{B299485A-726F-44D1-BB71-145E51CAF8A3}.Release|Any CPU.ActiveCfg = Release|Any CPU
		{B299485A-726F-44D1-BB71-145E51CAF8A3}.Release|Any CPU.Build.0 = Release|Any CPU
		{2C055DBA-EB00-4B7C-BDAB-457A3F3CF56D}.Debug|Any CPU.ActiveCfg = Debug|Any CPU
		{2C055DBA-EB00-4B7C-BDAB-457A3F3CF56D}.Debug|Any CPU.Build.0 = Debug|Any CPU
		{2C055DBA-EB00-4B7C-BDAB-457A3F3CF56D}.Release|Any CPU.ActiveCfg = Release|Any CPU
		{2C055DBA-EB00-4B7C-BDAB-457A3F3CF56D}.Release|Any CPU.Build.0 = Release|Any CPU
		{4526002A-45CC-452C-BE21-0BB42F2222FC}.Debug|Any CPU.ActiveCfg = Debug|Any CPU
		{4526002A-45CC-452C-BE21-0BB42F2222FC}.Debug|Any CPU.Build.0 = Debug|Any CPU
		{4526002A-45CC-452C-BE21-0BB42F2222FC}.Release|Any CPU.ActiveCfg = Release|Any CPU
		{4526002A-45CC-452C-BE21-0BB42F2222FC}.Release|Any CPU.Build.0 = Release|Any CPU
		{4A9B8900-E37B-4077-B4AB-7EBDE9D56A99}.Debug|Any CPU.ActiveCfg = Debug|Any CPU
		{4A9B8900-E37B-4077-B4AB-7EBDE9D56A99}.Debug|Any CPU.Build.0 = Debug|Any CPU
		{4A9B8900-E37B-4077-B4AB-7EBDE9D56A99}.Release|Any CPU.ActiveCfg = Release|Any CPU
		{4A9B8900-E37B-4077-B4AB-7EBDE9D56A99}.Release|Any CPU.Build.0 = Release|Any CPU
		{D6D74663-59CC-464B-9611-349FB624E179}.Debug|Any CPU.ActiveCfg = Debug|Any CPU
		{D6D74663-59CC-464B-9611-349FB624E179}.Debug|Any CPU.Build.0 = Debug|Any CPU
		{D6D74663-59CC-464B-9611-349FB624E179}.Release|Any CPU.ActiveCfg = Release|Any CPU
		{D6D74663-59CC-464B-9611-349FB624E179}.Release|Any CPU.Build.0 = Release|Any CPU
		{DD3BA885-0423-467E-9631-F2B4155CB3A0}.Debug|Any CPU.ActiveCfg = Debug|Any CPU
		{DD3BA885-0423-467E-9631-F2B4155CB3A0}.Debug|Any CPU.Build.0 = Debug|Any CPU
		{DD3BA885-0423-467E-9631-F2B4155CB3A0}.Release|Any CPU.ActiveCfg = Release|Any CPU
		{DD3BA885-0423-467E-9631-F2B4155CB3A0}.Release|Any CPU.Build.0 = Release|Any CPU
		{45CCEE9D-289A-4817-9145-DF6BAEE8D362}.Debug|Any CPU.ActiveCfg = Debug|Any CPU
		{45CCEE9D-289A-4817-9145-DF6BAEE8D362}.Debug|Any CPU.Build.0 = Debug|Any CPU
		{45CCEE9D-289A-4817-9145-DF6BAEE8D362}.Release|Any CPU.ActiveCfg = Release|Any CPU
		{45CCEE9D-289A-4817-9145-DF6BAEE8D362}.Release|Any CPU.Build.0 = Release|Any CPU
		{6C70E25F-11A2-47E7-9124-ECEE325DA804}.Debug|Any CPU.ActiveCfg = Debug|Any CPU
		{6C70E25F-11A2-47E7-9124-ECEE325DA804}.Debug|Any CPU.Build.0 = Debug|Any CPU
		{6C70E25F-11A2-47E7-9124-ECEE325DA804}.Release|Any CPU.ActiveCfg = Release|Any CPU
		{6C70E25F-11A2-47E7-9124-ECEE325DA804}.Release|Any CPU.Build.0 = Release|Any CPU
		{1FFA065E-4525-49F9-BC3A-A29D9EB7D411}.Debug|Any CPU.ActiveCfg = Debug|Any CPU
		{1FFA065E-4525-49F9-BC3A-A29D9EB7D411}.Debug|Any CPU.Build.0 = Debug|Any CPU
		{1FFA065E-4525-49F9-BC3A-A29D9EB7D411}.Release|Any CPU.ActiveCfg = Release|Any CPU
		{1FFA065E-4525-49F9-BC3A-A29D9EB7D411}.Release|Any CPU.Build.0 = Release|Any CPU
		{3E0761D0-9C73-4130-BD97-6A4F8CD0D1BA}.Debug|Any CPU.ActiveCfg = Debug|Any CPU
		{3E0761D0-9C73-4130-BD97-6A4F8CD0D1BA}.Debug|Any CPU.Build.0 = Debug|Any CPU
		{3E0761D0-9C73-4130-BD97-6A4F8CD0D1BA}.Release|Any CPU.ActiveCfg = Release|Any CPU
		{3E0761D0-9C73-4130-BD97-6A4F8CD0D1BA}.Release|Any CPU.Build.0 = Release|Any CPU
		{5C4AD09F-41EF-4FC6-A81D-FB1BB6A5C4FB}.Debug|Any CPU.ActiveCfg = Debug|Any CPU
		{5C4AD09F-41EF-4FC6-A81D-FB1BB6A5C4FB}.Debug|Any CPU.Build.0 = Debug|Any CPU
		{5C4AD09F-41EF-4FC6-A81D-FB1BB6A5C4FB}.Release|Any CPU.ActiveCfg = Release|Any CPU
		{5C4AD09F-41EF-4FC6-A81D-FB1BB6A5C4FB}.Release|Any CPU.Build.0 = Release|Any CPU
		{B9A5811F-AF74-4278-98C5-6CA5988DBDA9}.Debug|Any CPU.ActiveCfg = Debug|Any CPU
		{B9A5811F-AF74-4278-98C5-6CA5988DBDA9}.Debug|Any CPU.Build.0 = Debug|Any CPU
		{B9A5811F-AF74-4278-98C5-6CA5988DBDA9}.Release|Any CPU.ActiveCfg = Release|Any CPU
		{B9A5811F-AF74-4278-98C5-6CA5988DBDA9}.Release|Any CPU.Build.0 = Release|Any CPU
		{E86E9E02-CE96-47C4-AA53-2D7FD7A1B12B}.Debug|Any CPU.ActiveCfg = Debug|Any CPU
		{E86E9E02-CE96-47C4-AA53-2D7FD7A1B12B}.Debug|Any CPU.Build.0 = Debug|Any CPU
		{E86E9E02-CE96-47C4-AA53-2D7FD7A1B12B}.Release|Any CPU.ActiveCfg = Release|Any CPU
		{E86E9E02-CE96-47C4-AA53-2D7FD7A1B12B}.Release|Any CPU.Build.0 = Release|Any CPU
		{0DB1242A-9852-4F81-A4CF-7A8F08981D0C}.Debug|Any CPU.ActiveCfg = Debug|Any CPU
		{0DB1242A-9852-4F81-A4CF-7A8F08981D0C}.Debug|Any CPU.Build.0 = Debug|Any CPU
		{0DB1242A-9852-4F81-A4CF-7A8F08981D0C}.Release|Any CPU.ActiveCfg = Release|Any CPU
		{0DB1242A-9852-4F81-A4CF-7A8F08981D0C}.Release|Any CPU.Build.0 = Release|Any CPU
		{222E29EE-68EF-4C2C-BC68-954809AEC7F8}.Debug|Any CPU.ActiveCfg = Debug|Any CPU
		{222E29EE-68EF-4C2C-BC68-954809AEC7F8}.Debug|Any CPU.Build.0 = Debug|Any CPU
		{222E29EE-68EF-4C2C-BC68-954809AEC7F8}.Release|Any CPU.ActiveCfg = Release|Any CPU
		{222E29EE-68EF-4C2C-BC68-954809AEC7F8}.Release|Any CPU.Build.0 = Release|Any CPU
	EndGlobalSection
	GlobalSection(SolutionProperties) = preSolution
		HideSolutionNode = FALSE
	EndGlobalSection
	GlobalSection(NestedProjects) = preSolution
		{B299485A-726F-44D1-BB71-145E51CAF8A3} = {1C7C4780-10A0-439A-AB42-32D923C07BDA}
		{2C055DBA-EB00-4B7C-BDAB-457A3F3CF56D} = {1C7C4780-10A0-439A-AB42-32D923C07BDA}
		{4526002A-45CC-452C-BE21-0BB42F2222FC} = {1C7C4780-10A0-439A-AB42-32D923C07BDA}
		{4A9B8900-E37B-4077-B4AB-7EBDE9D56A99} = {2A64A983-514B-4211-BB8C-633FA61BD201}
		{D6D74663-59CC-464B-9611-349FB624E179} = {1C7C4780-10A0-439A-AB42-32D923C07BDA}
		{DD3BA885-0423-467E-9631-F2B4155CB3A0} = {1C7C4780-10A0-439A-AB42-32D923C07BDA}
		{45CCEE9D-289A-4817-9145-DF6BAEE8D362} = {1C7C4780-10A0-439A-AB42-32D923C07BDA}
		{6C70E25F-11A2-47E7-9124-ECEE325DA804} = {2C526453-5795-4CA2-BBF4-42D366A6CE8B}
		{2C526453-5795-4CA2-BBF4-42D366A6CE8B} = {1C7C4780-10A0-439A-AB42-32D923C07BDA}
		{1FFA065E-4525-49F9-BC3A-A29D9EB7D411} = {1C7C4780-10A0-439A-AB42-32D923C07BDA}
		{3E0761D0-9C73-4130-BD97-6A4F8CD0D1BA} = {1C7C4780-10A0-439A-AB42-32D923C07BDA}
		{5C4AD09F-41EF-4FC6-A81D-FB1BB6A5C4FB} = {1C7C4780-10A0-439A-AB42-32D923C07BDA}
		{B9A5811F-AF74-4278-98C5-6CA5988DBDA9} = {1C7C4780-10A0-439A-AB42-32D923C07BDA}
		{E86E9E02-CE96-47C4-AA53-2D7FD7A1B12B} = {1C7C4780-10A0-439A-AB42-32D923C07BDA}
		{0DB1242A-9852-4F81-A4CF-7A8F08981D0C} = {1C7C4780-10A0-439A-AB42-32D923C07BDA}
		{222E29EE-68EF-4C2C-BC68-954809AEC7F8} = {1C7C4780-10A0-439A-AB42-32D923C07BDA}
	EndGlobalSection
	GlobalSection(ExtensibilityGlobals) = postSolution
		SolutionGuid = {7ECF74F3-895D-4DD3-95B2-C79542194888}
	EndGlobalSection
EndGlobal
